github.com/bmheenan/tapdb v0.0.0-20201101195648-c188e0235af6 h1:+4JR2KKQAi8g61YLBxclu23ICs9Les6pUmRdHn+DwlQ=
github.com/bmheenan/tapdb v0.0.0-20201101195648-c188e0235af6/go.mod h1:TwRlH+CImluQ2SPijUJfdaRyYSfskzd3W66Rg/ZYF4Y=
github.com/bmheenan/tapdb v0.0.0-20201102122300-e7f96189a98e h1:vqmcd4IxnU6Psp+0bodM2nLWX4UnBzSZ1JxVrkNuDX8=
github.com/bmheenan/tapdb v0.0.0-20201102122300-e7f96189a98e/go.mod h1:kYIG4ul8Jh39Cyke3tJezBTAJJjFnl24uoTKfAZ/9OI=
github.com/bmheenan/tapdb v0.0.0-20201102125516-25f1ec73bcc6 h1:NgivF8XBguzASK3RIoS2VIxxRGPP+ZnLPpiBRQMQck0=
github.com/bmheenan/tapdb v0.0.0-20201102125516-25f1ec73bcc6/go.mod h1:kYIG4ul8Jh39Cyke3tJezBTAJJjFnl24uoTKfAZ/9OI=
github.com/bmheenan/tapdb v0.0.0-20201104131124-65821e5c49ee h1:rv24jU647RGzFEDKxtblHwl+H5KXto3d9WgruTFpYWE=
github.com/bmheenan/tapdb v0.0.0-20201104131124-65821e5c49ee/go.mod h1:kYIG4ul8Jh39Cyke3tJezBTAJJjFnl24uoTKfAZ/9OI=
github.com/bmheenan/tapdb v0.0.0-20201105004050-2f27b26e35fc h1:zi9lfpylNfrfPuNvhMoyoN+NxiXRmFFdLPDvZ50VLrI=
github.com/bmheenan/tapdb v0.0.0-20201105004050-2f27b26e35fc/go.mod h1:kYIG4ul8Jh39Cyke3tJezBTAJJjFnl24uoTKfAZ/9OI=
github.com/bmheenan/tapdb v0.0.0-20201106015855-449a94cef719 h1:Bg9ppRTSii/xvgsXhJrrrEzZk4XOtLfPrVJ5Jub5AD8=
github.com/bmheenan/tapdb v0.0.0-20201106015855-449a94cef719/go.mod h1:kYIG4ul8Jh39Cyke3tJezBTAJJjFnl24uoTKfAZ/9OI=
github.com/bmheenan/tapdb v0.0.0-20201106125905-1e09841e0b5e h1:R8rLQ61zV/00Fy6foCCjQ9GswykFAR0cIJiiYqwjrvI=
github.com/bmheenan/tapdb v0.0.0-20201106125905-1e09841e0b5e/go.mod h1:kYIG4ul8Jh39Cyke3tJezBTAJJjFnl24uoTKfAZ/9OI=
github.com/bmheenan/tapdb v0.0.0-20201106130124-8f66a59c854f h1:+2sdQVB0p0Amw7Iy31CvRaykKIefRBuvDP/yJpiZCmQ=
github.com/bmheenan/tapdb v0.0.0-20201106130124-8f66a59c854f/go.mod h1:kYIG4ul8Jh39Cyke3tJezBTAJJjFnl24uoTKfAZ/9OI=
github.com/bmheenan/tapdb v0.0.0-20201106133502-c1b01fd944e7 h1:8biUUudRtimS7hDQOrI89V1uPPjylamZ5rOPSNb1Ofk=
github.com/bmheenan/tapdb v0.0.0-20201106133502-c1b01fd944e7/go.mod h1:kYIG4ul8Jh39Cyke3tJezBTAJJjFnl24uoTKfAZ/9OI=
github.com/bmheenan/tapdb v0.0.0-20201106143707-9a5e187c3032 h1:aKC/mG9q1+qwy48e7HMnbf5arDVrTrvLWLyuQTTKL2c=
github.com/bmheenan/tapdb v0.0.0-20201106143707-9a5e187c3032/go.mod h1:kYIG4ul8Jh39Cyke3tJezBTAJJjFnl24uoTKfAZ/9OI=
github.com/bmheenan/tapdb v0.0.0-20201107190153-55230e58bc4a h1:C+p+BeRf7HeEy1mcCpx0wBlZNvqWtgi9GObd26fJI5k=
github.com/bmheenan/tapdb v0.0.0-20201107190153-55230e58bc4a/go.mod h1:kYIG4ul8Jh39Cyke3tJezBTAJJjFnl24uoTKfAZ/9OI=
github.com/bmheenan/tapdb v0.0.0-20201107224140-ea11da9875bc h1:umrB6R1wOUkVD9tieyY2J0tHPb2p5VP8Gm+zvLemb7I=
github.com/bmheenan/tapdb v0.0.0-20201107224140-ea11da9875bc/go.mod h1:kYIG4ul8Jh39Cyke3tJezBTAJJjFnl24uoTKfAZ/9OI=
github.com/bmheenan/tapdb v0.0.0-20201107230102-ac0937d9c916 h1:Iu1gE0XquY7vuV/lGTRQKFH8H5Dl5USYgOPE5ECTXVQ=
github.com/bmheenan/tapdb v0.0.0-20201107230102-ac0937d9c916/go.mod h1:kYIG4ul8Jh39Cyke3tJezBTAJJjFnl24uoTKfAZ/9OI=
github.com/bmheenan/tapdb v0.0.0-20201107231551-cadd1cc52458 h1:ZocSVbreJ9s94vn0xfYhEY/Sm+J8lxG16YHnFO/hV4I=
github.com/bmheenan/tapdb v0.0.0-20201107231551-cadd1cc52458/go.mod h1:kYIG4ul8Jh39Cyke3tJezBTAJJjFnl24uoTKfAZ/9OI=
github.com/bmheenan/tapdb v0.0.0-20201112011740-22a29b2e7df1 h1:SPi3/2Zyx/6Ona/Kfs5k4rOKBWQN1aDkCs30fiQziF0=
github.com/bmheenan/tapdb v0.0.0-20201112011740-22a29b2e7df1/go.mod h1:6VQt9IawNNz6M/hXyJwFlxrBFOE3X9wG6oU32GBD9zc=
github.com/bmheenan/tapdb v0.0.0-20201114125950-275b6e5cc5c4 h1:gi2dcZR7OUOLhqvR1LrKuUgvl58rrkJaZaqB7nLRuME=
github.com/bmheenan/tapdb v0.0.0-20201114125950-275b6e5cc5c4/go.mod h1:6VQt9IawNNz6M/hXyJwFlxrBFOE3X9wG6oU32GBD9zc=
github.com/bmheenan/tapdb v0.0.0-20201114170117-17591ea17e25 h1:+hnLOyG9nkfYE+tE5WA28iTYlqoLUPxVIZrEzShX7QI=
github.com/bmheenan/tapdb v0.0.0-20201114170117-17591ea17e25/go.mod h1:6VQt9IawNNz6M/hXyJwFlxrBFOE3X9wG6oU32GBD9zc=
github.com/bmheenan/tapdb v0.0.0-20201115200514-693e69d108d8 h1:1TOLB9sp1IfEBAGBzzBXMJCnh0SZBCIfuWD/gwSHe6M=
github.com/bmheenan/tapdb v0.0.0-20201115200514-693e69d108d8/go.mod h1:LcT2KD9F2CQiBaXstPfOfJqw28nhdO/lc0XpjZkNIvA=
github.com/bmheenan/tapdb v0.0.0-20201115201657-18571e7b5610 h1:LYdFRqHLY+u7eGyH83LMSW1A1mbsZ7QfP2shZu/oClA=
github.com/bmheenan/tapdb v0.0.0-20201115201657-18571e7b5610/go.mod h1:LcT2KD9F2CQiBaXstPfOfJqw28nhdO/lc0XpjZkNIvA=
github.com/bmheenan/tapdb v0.0.0-20201116131815-613d7acea325 h1:oLSbIhY39tyykVMTA9H7lgZs92RmHn+sKiUzzENrooQ=
github.com/bmheenan/tapdb v0.0.0-20201116131815-613d7acea325/go.mod h1:LcT2KD9F2CQiBaXstPfOfJqw28nhdO/lc0XpjZkNIvA=
github.com/bmheenan/tapdb v0.0.0-20201119131348-f2b01248d4f1 h1:ACLOJvAYGEVHscZlNwqwuOQWtItVFfBcVaPEa5ztjP8=
github.com/bmheenan/tapdb v0.0.0-20201119131348-f2b01248d4f1/go.mod h1:LcT2KD9F2CQiBaXstPfOfJqw28nhdO/lc0XpjZkNIvA=
github.com/bmheenan/tapdb v0.0.0-20201121195308-b70de0120b3d h1:fOVLd+2iqrV08b7+yD14cAa1gfhojWb4kGjj3IAqRhA=
github.com/bmheenan/tapdb v0.0.0-20201121195308-b70de0120b3d/go.mod h1:R3bXHEz/6h/AHgd9ce5GksK23Sia+MOBOKJZmexa4eM=
github.com/bmheenan/tapdb v0.0.0-20201123005822-fab883518255 h1:lPztLRD/esB18kRrrP59Fbpq6Ou+NrD0NSPBUrxtO/0=
github.com/bmheenan/tapdb v0.0.0-20201123005822-fab883518255/go.mod h1:R3bXHEz/6h/AHgd9ce5GksK23Sia+MOBOKJZmexa4eM=
github.com/bmheenan/tapdb v0.0.0-20201127165535-1dd6c10240c1 h1:Vly7OFgNkajve2eLWhFoo9NGPhZG024gtul0LoJMXxM=
github.com/bmheenan/tapdb v0.0.0-20201127165535-1dd6c10240c1/go.mod h1:R3bXHEz/6h/AHgd9ce5GksK23Sia+MOBOKJZmexa4eM=
github.com/bmheenan/taps v0.0.0-20201031141326-81b4c9251374 h1:j/d525E/jC2oRi4Lc02UC9g+miF7hqJ62W7ye/kh2d8=
github.com/bmheenan/taps v0.0.0-20201031141326-81b4c9251374/go.mod h1:H6HrpTwiPHsDKciJIt9dWIvmlsjBszoXADE6DGOCh40=
github.com/bmheenan/taps v0.0.0-20201101235118-6f4b0edbd1dc h1:zqZ/R6+8W/FoPeiQDPY2jJDTKcHQ07cUqrTnXx74vYE=
github.com/bmheenan/taps v0.0.0-20201101235118-6f4b0edbd1dc/go.mod h1:H6HrpTwiPHsDKciJIt9dWIvmlsjBszoXADE6DGOCh40=
github.com/bmheenan/taps v0.0.0-20201108125953-f12bf6f24309 h1:W0G7B/KC07W6G7XpHcnigpyOfwWZIJ/O53X/3OUDmzI=
github.com/bmheenan/taps v0.0.0-20201108125953-f12bf6f24309/go.mod h1:H6HrpTwiPHsDKciJIt9dWIvmlsjBszoXADE6DGOCh40=
github.com/bmheenan/taps v0.0.0-20201115182215-c8ca0105b20e h1:URf8hFedaSdieHRFZA7v7Vh+rHTjs9OLDEk7ZHbbAOM=
github.com/bmheenan/taps v0.0.0-20201115182215-c8ca0105b20e/go.mod h1:H6HrpTwiPHsDKciJIt9dWIvmlsjBszoXADE6DGOCh40=
github.com/bmheenan/taps v0.0.0-20201121193918-489495a2b880 h1:yEovpg1qu9qqlFvr085PdJAKV1TphQ3qYWLKoARFU7I=
github.com/bmheenan/taps v0.0.0-20201121193918-489495a2b880/go.mod h1:H6HrpTwiPHsDKciJIt9dWIvmlsjBszoXADE6DGOCh40=
github.com/bmheenan/taps v0.0.0-20201126194231-0a95db7341ec h1:dQDecEVHc9WmOLM+vv3dk7Inqeo4sejBl+3gotNDvC4=
github.com/bmheenan/taps v0.0.0-20201126194231-0a95db7341ec/go.mod h1:H6HrpTwiPHsDKciJIt9dWIvmlsjBszoXADE6DGOCh40=
github.com/bmheenan/tapstruct v0.0.0-20201017014047-020486e422ca h1:De8FpNdwq4DiDzLymlI+9lltj5kXezJ1B0JAzhpV8LI=
github.com/bmheenan/tapstruct v0.0.0-20201017014047-020486e422ca/go.mod h1:MemFiXUUxznBu9YkVZnX2Wl7nSMAgMqgjBBKEobcTHY=
github.com/go-sql-driver/mysql v1.5.0 h1:ozyZYNQW3x3HtqT1jira07DN2PArx2v7/mN66gGcHOs=
github.com/go-sql-driver/mysql v1.5.0/go.mod h1:DCzpHaOWr8IXmIStZouvnhqoel9Qv2LBy8hT2VhHyBg=
